version = 1
revision = 2
requires-python = ">=3.13"

[[package]]
name = "cloudpickle"
version = "3.1.1"
source = { registry = "https://pypi.org/simple" }
sdist = { url = "https://files.pythonhosted.org/packages/52/39/069100b84d7418bc358d81669d5748efb14b9cceacd2f9c75f550424132f/cloudpickle-3.1.1.tar.gz", hash = "sha256:b216fa8ae4019d5482a8ac3c95d8f6346115d8835911fd4aefd1a445e4242c64", size = 22113, upload-time = "2025-01-14T17:02:05.085Z" }
wheels = [
    { url = "https://files.pythonhosted.org/packages/7e/e8/64c37fadfc2816a7701fa8a6ed8d87327c7d54eacfbfb6edab14a2f2be75/cloudpickle-3.1.1-py3-none-any.whl", hash = "sha256:c8c5a44295039331ee9dad40ba100a9c7297b6f988e50e87ccdf3765a668350e", size = 20992, upload-time = "2025-01-14T17:02:02.417Z" },
]

[[package]]
name = "evogym"
version = "2.0.0"
source = { registry = "https://pypi.org/simple" }
dependencies = [
    { name = "gymnasium" },
    { name = "numpy" },
]
sdist = { url = "https://files.pythonhosted.org/packages/ac/50/baf8af98eb0a1282c93504a653f828c840f85b691f3bbd2e0fc74b75863b/evogym-2.0.0.tar.gz", hash = "sha256:03960296a24548a0c662e06aa4c98b8b5b47b997a004e3a53fa0f7fd03541e70", size = 3324821, upload-time = "2024-07-09T02:29:48.541Z" }

[[package]]
name = "evolution-octave-mathias"
version = "0.1.0"
source = { virtual = "." }
dependencies = [
    { name = "evogym" },
]

[package.metadata]
requires-dist = [{ name = "evogym", specifier = ">=2.0.0" }]

[[package]]
name = "farama-notifications"
version = "0.0.4"
source = { registry = "https://pypi.org/simple" }
sdist = { url = "https://files.pythonhosted.org/packages/2e/2c/8384832b7a6b1fd6ba95bbdcae26e7137bb3eedc955c42fd5cdcc086cfbf/Farama-Notifications-0.0.4.tar.gz", hash = "sha256:13fceff2d14314cf80703c8266462ebf3733c7d165336eee998fc58e545efd18", size = 2131, upload-time = "2023-02-27T18:28:41.047Z" }
wheels = [
    { url = "https://files.pythonhosted.org/packages/05/2c/ffc08c54c05cdce6fbed2aeebc46348dbe180c6d2c541c7af7ba0aa5f5f8/Farama_Notifications-0.0.4-py3-none-any.whl", hash = "sha256:14de931035a41961f7c056361dc7f980762a143d05791ef5794a751a2caf05ae", size = 2511, upload-time = "2023-02-27T18:28:39.447Z" },
]

[[package]]
name = "gymnasium"
version = "1.1.1"
source = { registry = "https://pypi.org/simple" }
dependencies = [
    { name = "cloudpickle" },
    { name = "farama-notifications" },
    { name = "numpy" },
    { name = "typing-extensions" },
]
sdist = { url = "https://files.pythonhosted.org/packages/90/69/70cd29e9fc4953d013b15981ee71d4c9ef4d8b2183e6ef2fe89756746dce/gymnasium-1.1.1.tar.gz", hash = "sha256:8bd9ea9bdef32c950a444ff36afc785e1d81051ec32d30435058953c20d2456d", size = 829326, upload-time = "2025-03-06T16:30:36.428Z" }
wheels = [
    { url = "https://files.pythonhosted.org/packages/f9/68/2bdc7b46b5f543dd865575f9d19716866bdb76e50dd33b71ed1a3dd8bb42/gymnasium-1.1.1-py3-none-any.whl", hash = "sha256:9c167ec0a2b388666e37f63b2849cd2552f7f5b71938574c637bb36487eb928a", size = 965410, upload-time = "2025-03-06T16:30:34.443Z" },
]

[[package]]
name = "numpy"
version = "1.26.4"
source = { registry = "https://pypi.org/simple" }
sdist = { url = "https://files.pythonhosted.org/packages/65/6e/09db70a523a96d25e115e71cc56a6f9031e7b8cd166c1ac8438307c14058/numpy-1.26.4.tar.gz", hash = "sha256:2a02aba9ed12e4ac4eb3ea9421c420301a0c6460d9830d74a9df87efa4912010", size = 15786129, upload-time = "2024-02-06T00:26:44.495Z" }

[[package]]
name = "typing-extensions"
version = "4.13.2"
source = { registry = "https://pypi.org/simple" }
sdist = { url = "https://files.pythonhosted.org/packages/f6/37/23083fcd6e35492953e8d2aaaa68b860eb422b34627b13f2ce3eb6106061/typing_extensions-4.13.2.tar.gz", hash = "sha256:e6c81219bd689f51865d9e372991c540bda33a0379d5573cddb9a3a23f7caaef", size = 106967, upload-time = "2025-04-10T14:19:05.416Z" }
wheels = [
    { url = "https://files.pythonhosted.org/packages/8b/54/b1ae86c0973cc6f0210b53d508ca3641fb6d0c56823f288d108bc7ab3cc8/typing_extensions-4.13.2-py3-none-any.whl", hash = "sha256:a439e7c04b49fec3e5d3e2beaa21755cadbbdc391694e28ccdd36ca4a1408f8c", size = 45806, upload-time = "2025-04-10T14:19:03.967Z" },
]
